// !$*UTF8*$!
{
	archiveVersion = 1;
	classes = {
	};
	objectVersion = 50;
	objects = {

/* Begin PBXBuildFile section */
		83095BDB21C9210E00CCA13C /* BluetoothService.swift in Sources */ = {isa = PBXBuildFile; fileRef = 83095BDA21C9210E00CCA13C /* BluetoothService.swift */; };
		83095BDD21C92A9700CCA13C /* MotionService.swift in Sources */ = {isa = PBXBuildFile; fileRef = 83095BDC21C92A9700CCA13C /* MotionService.swift */; };
		83095BDF21C92BF600CCA13C /* AttitudeDegrees.swift in Sources */ = {isa = PBXBuildFile; fileRef = 83095BDE21C92BF600CCA13C /* AttitudeDegrees.swift */; };
		8362194B21C45E2D00DD9543 /* AppDelegate.swift in Sources */ = {isa = PBXBuildFile; fileRef = 8362194A21C45E2D00DD9543 /* AppDelegate.swift */; };
		8362194D21C45E2D00DD9543 /* ViewController.swift in Sources */ = {isa = PBXBuildFile; fileRef = 8362194C21C45E2D00DD9543 /* ViewController.swift */; };
		8362195021C45E2D00DD9543 /* Main.storyboard in Resources */ = {isa = PBXBuildFile; fileRef = 8362194E21C45E2D00DD9543 /* Main.storyboard */; };
		8362195221C45E2E00DD9543 /* Assets.xcassets in Resources */ = {isa = PBXBuildFile; fileRef = 8362195121C45E2E00DD9543 /* Assets.xcassets */; };
		8362195521C45E2E00DD9543 /* LaunchScreen.storyboard in Resources */ = {isa = PBXBuildFile; fileRef = 8362195321C45E2E00DD9543 /* LaunchScreen.storyboard */; };
		8362196021C45E2E00DD9543 /* TestAppTests.swift in Sources */ = {isa = PBXBuildFile; fileRef = 8362195F21C45E2E00DD9543 /* TestAppTests.swift */; };
/* End PBXBuildFile section */

/* Begin PBXContainerItemProxy section */
		8362195C21C45E2E00DD9543 /* PBXContainerItemProxy */ = {
			isa = PBXContainerItemProxy;
			containerPortal = 8362193F21C45E2D00DD9543 /* Project object */;
			proxyType = 1;
			remoteGlobalIDString = 8362194621C45E2D00DD9543;
			remoteInfo = TestApp;
		};
/* End PBXContainerItemProxy section */

/* Begin PBXFileReference section */
		83095BDA21C9210E00CCA13C /* BluetoothService.swift */ = {isa = PBXFileReference; lastKnownFileType = sourcecode.swift; path = BluetoothService.swift; sourceTree = "<group>"; };
		83095BDC21C92A9700CCA13C /* MotionService.swift */ = {isa = PBXFileReference; lastKnownFileType = sourcecode.swift; path = MotionService.swift; sourceTree = "<group>"; };
		83095BDE21C92BF600CCA13C /* AttitudeDegrees.swift */ = {isa = PBXFileReference; lastKnownFileType = sourcecode.swift; path = AttitudeDegrees.swift; sourceTree = "<group>"; };
		8362194721C45E2D00DD9543 /* BT-Controller-App.app */ = {isa = PBXFileReference; explicitFileType = wrapper.application; includeInIndex = 0; path = "BT-Controller-App.app"; sourceTree = BUILT_PRODUCTS_DIR; };
		8362194A21C45E2D00DD9543 /* AppDelegate.swift */ = {isa = PBXFileReference; lastKnownFileType = sourcecode.swift; path = AppDelegate.swift; sourceTree = "<group>"; };
		8362194C21C45E2D00DD9543 /* ViewController.swift */ = {isa = PBXFileReference; lastKnownFileType = sourcecode.swift; path = ViewController.swift; sourceTree = "<group>"; };
		8362194F21C45E2D00DD9543 /* Base */ = {isa = PBXFileReference; lastKnownFileType = file.storyboard; name = Base; path = Base.lproj/Main.storyboard; sourceTree = "<group>"; };
		8362195121C45E2E00DD9543 /* Assets.xcassets */ = {isa = PBXFileReference; lastKnownFileType = folder.assetcatalog; path = Assets.xcassets; sourceTree = "<group>"; };
		8362195421C45E2E00DD9543 /* Base */ = {isa = PBXFileReference; lastKnownFileType = file.storyboard; name = Base; path = Base.lproj/LaunchScreen.storyboard; sourceTree = "<group>"; };
		8362195621C45E2E00DD9543 /* Info.plist */ = {isa = PBXFileReference; lastKnownFileType = text.plist.xml; path = Info.plist; sourceTree = "<group>"; };
		8362195B21C45E2E00DD9543 /* BT-Controller-AppTests.xctest */ = {isa = PBXFileReference; explicitFileType = wrapper.cfbundle; includeInIndex = 0; path = "BT-Controller-AppTests.xctest"; sourceTree = BUILT_PRODUCTS_DIR; };
		8362195F21C45E2E00DD9543 /* TestAppTests.swift */ = {isa = PBXFileReference; lastKnownFileType = sourcecode.swift; path = TestAppTests.swift; sourceTree = "<group>"; };
		8362196121C45E2E00DD9543 /* Info.plist */ = {isa = PBXFileReference; lastKnownFileType = text.plist.xml; path = Info.plist; sourceTree = "<group>"; };
/* End PBXFileReference section */

/* Begin PBXFrameworksBuildPhase section */
		8362194421C45E2D00DD9543 /* Frameworks */ = {
			isa = PBXFrameworksBuildPhase;
			buildActionMask = 2147483647;
			files = (
			);
			runOnlyForDeploymentPostprocessing = 0;
		};
		8362195821C45E2E00DD9543 /* Frameworks */ = {
			isa = PBXFrameworksBuildPhase;
			buildActionMask = 2147483647;
			files = (
			);
			runOnlyForDeploymentPostprocessing = 0;
		};
/* End PBXFrameworksBuildPhase section */

/* Begin PBXGroup section */
		83095BD921C920C800CCA13C /* Utils */ = {
			isa = PBXGroup;
			children = (
				83095BDA21C9210E00CCA13C /* BluetoothService.swift */,
				83095BDC21C92A9700CCA13C /* MotionService.swift */,
				83095BDE21C92BF600CCA13C /* AttitudeDegrees.swift */,
			);
			path = Utils;
			sourceTree = "<group>";
		};
		8362193E21C45E2D00DD9543 = {
			isa = PBXGroup;
			children = (
				8362194921C45E2D00DD9543 /* TestApp */,
				8362195E21C45E2E00DD9543 /* TestAppTests */,
				8362194821C45E2D00DD9543 /* Products */,
			);
			sourceTree = "<group>";
		};
		8362194821C45E2D00DD9543 /* Products */ = {
			isa = PBXGroup;
			children = (
				8362194721C45E2D00DD9543 /* BT-Controller-App.app */,
				8362195B21C45E2E00DD9543 /* BT-Controller-AppTests.xctest */,
			);
			name = Products;
			sourceTree = "<group>";
		};
		8362194921C45E2D00DD9543 /* TestApp */ = {
			isa = PBXGroup;
			children = (
				83095BD921C920C800CCA13C /* Utils */,
				8362194A21C45E2D00DD9543 /* AppDelegate.swift */,
				8362194C21C45E2D00DD9543 /* ViewController.swift */,
				8362194E21C45E2D00DD9543 /* Main.storyboard */,
				8362195121C45E2E00DD9543 /* Assets.xcassets */,
				8362195321C45E2E00DD9543 /* LaunchScreen.storyboard */,
				8362195621C45E2E00DD9543 /* Info.plist */,
			);
			path = TestApp;
			sourceTree = "<group>";
		};
		8362195E21C45E2E00DD9543 /* TestAppTests */ = {
			isa = PBXGroup;
			children = (
				8362195F21C45E2E00DD9543 /* TestAppTests.swift */,
				8362196121C45E2E00DD9543 /* Info.plist */,
			);
			path = TestAppTests;
			sourceTree = "<group>";
		};
/* End PBXGroup section */

/* Begin PBXNativeTarget section */
		8362194621C45E2D00DD9543 /* BT-Controller-App */ = {
			isa = PBXNativeTarget;
			buildConfigurationList = 8362196421C45E2E00DD9543 /* Build configuration list for PBXNativeTarget "BT-Controller-App" */;
			buildPhases = (
				8362194321C45E2D00DD9543 /* Sources */,
				8362194421C45E2D00DD9543 /* Frameworks */,
				8362194521C45E2D00DD9543 /* Resources */,
			);
			buildRules = (
			);
			dependencies = (
			);
			name = "BT-Controller-App";
			productName = TestApp;
			productReference = 8362194721C45E2D00DD9543 /* BT-Controller-App.app */;
			productType = "com.apple.product-type.application";
		};
		8362195A21C45E2E00DD9543 /* BT-Controller-AppTests */ = {
			isa = PBXNativeTarget;
			buildConfigurationList = 8362196721C45E2E00DD9543 /* Build configuration list for PBXNativeTarget "BT-Controller-AppTests" */;
			buildPhases = (
				8362195721C45E2E00DD9543 /* Sources */,
				8362195821C45E2E00DD9543 /* Frameworks */,
				8362195921C45E2E00DD9543 /* Resources */,
			);
			buildRules = (
			);
			dependencies = (
				8362195D21C45E2E00DD9543 /* PBXTargetDependency */,
			);
			name = "BT-Controller-AppTests";
			productName = TestAppTests;
			productReference = 8362195B21C45E2E00DD9543 /* BT-Controller-AppTests.xctest */;
			productType = "com.apple.product-type.bundle.unit-test";
		};
/* End PBXNativeTarget section */

/* Begin PBXProject section */
		8362193F21C45E2D00DD9543 /* Project object */ = {
			isa = PBXProject;
			attributes = {
				LastSwiftUpdateCheck = 1010;
				LastUpgradeCheck = 1010;
				ORGANIZATIONNAME = "Chris Sherwin";
				TargetAttributes = {
					8362194621C45E2D00DD9543 = {
						CreatedOnToolsVersion = 10.1;
					};
					8362195A21C45E2E00DD9543 = {
						CreatedOnToolsVersion = 10.1;
						TestTargetID = 8362194621C45E2D00DD9543;
					};
				};
			};
			buildConfigurationList = 8362194221C45E2D00DD9543 /* Build configuration list for PBXProject "BT-Controller-App" */;
			compatibilityVersion = "Xcode 9.3";
			developmentRegion = en;
			hasScannedForEncodings = 0;
			knownRegions = (
				en,
				Base,
			);
			mainGroup = 8362193E21C45E2D00DD9543;
			productRefGroup = 8362194821C45E2D00DD9543 /* Products */;
			projectDirPath = "";
			projectRoot = "";
			targets = (
				8362194621C45E2D00DD9543 /* BT-Controller-App */,
				8362195A21C45E2E00DD9543 /* BT-Controller-AppTests */,
			);
		};
/* End PBXProject section */

/* Begin PBXResourcesBuildPhase section */
		8362194521C45E2D00DD9543 /* Resources */ = {
			isa = PBXResourcesBuildPhase;
			buildActionMask = 2147483647;
			files = (
				8362195521C45E2E00DD9543 /* LaunchScreen.storyboard in Resources */,
				8362195221C45E2E00DD9543 /* Assets.xcassets in Resources */,
				8362195021C45E2D00DD9543 /* Main.storyboard in Resources */,
			);
			runOnlyForDeploymentPostprocessing = 0;
		};
		8362195921C45E2E00DD9543 /* Resources */ = {
			isa = PBXResourcesBuildPhase;
			buildActionMask = 2147483647;
			files = (
			);
			runOnlyForDeploymentPostprocessing = 0;
		};
/* End PBXResourcesBuildPhase section */

/* Begin PBXSourcesBuildPhase section */
		8362194321C45E2D00DD9543 /* Sources */ = {
			isa = PBXSourcesBuildPhase;
			buildActionMask = 2147483647;
			files = (
				83095BDF21C92BF600CCA13C /* AttitudeDegrees.swift in Sources */,
				8362194D21C45E2D00DD9543 /* ViewController.swift in Sources */,
				83095BDD21C92A9700CCA13C /* MotionService.swift in Sources */,
				83095BDB21C9210E00CCA13C /* BluetoothService.swift in Sources */,
				8362194B21C45E2D00DD9543 /* AppDelegate.swift in Sources */,
			);
			runOnlyForDeploymentPostprocessing = 0;
		};
		8362195721C45E2E00DD9543 /* Sources */ = {
			isa = PBXSourcesBuildPhase;
			buildActionMask = 2147483647;
			files = (
				8362196021C45E2E00DD9543 /* TestAppTests.swift in Sources */,
			);
			runOnlyForDeploymentPostprocessing = 0;
		};
/* End PBXSourcesBuildPhase section */

/* Begin PBXTargetDependency section */
		8362195D21C45E2E00DD9543 /* PBXTargetDependency */ = {
			isa = PBXTargetDependency;
			target = 8362194621C45E2D00DD9543 /* BT-Controller-App */;
			targetProxy = 8362195C21C45E2E00DD9543 /* PBXContainerItemProxy */;
		};
/* End PBXTargetDependency section */

/* Begin PBXVariantGroup section */
		8362194E21C45E2D00DD9543 /* Main.storyboard */ = {
			isa = PBXVariantGroup;
			children = (
				8362194F21C45E2D00DD9543 /* Base */,
			);
			name = Main.storyboard;
			sourceTree = "<group>";
		};
		8362195321C45E2E00DD9543 /* LaunchScreen.storyboard */ = {
			isa = PBXVariantGroup;
			children = (
				8362195421C45E2E00DD9543 /* Base */,
			);
			name = LaunchScreen.storyboard;
			sourceTree = "<group>";
		};
/* End PBXVariantGroup section */

/* Begin XCBuildConfiguration section */
		8362196221C45E2E00DD9543 /* Debug */ = {
			isa = XCBuildConfiguration;
			buildSettings = {
				ALWAYS_SEARCH_USER_PATHS = NO;
				CLANG_ANALYZER_NONNULL = YES;
				CLANG_ANALYZER_NUMBER_OBJECT_CONVERSION = YES_AGGRESSIVE;
				CLANG_CXX_LANGUAGE_STANDARD = "gnu++14";
				CLANG_CXX_LIBRARY = "libc++";
				CLANG_ENABLE_MODULES = YES;
				CLANG_ENABLE_OBJC_ARC = YES;
				CLANG_ENABLE_OBJC_WEAK = YES;
				CLANG_WARN_BLOCK_CAPTURE_AUTORELEASING = YES;
				CLANG_WARN_BOOL_CONVERSION = YES;
				CLANG_WARN_COMMA = YES;
				CLANG_WARN_CONSTANT_CONVERSION = YES;
				CLANG_WARN_DEPRECATED_OBJC_IMPLEMENTATIONS = YES;
				CLANG_WARN_DIRECT_OBJC_ISA_USAGE = YES_ERROR;
				CLANG_WARN_DOCUMENTATION_COMMENTS = YES;
				CLANG_WARN_EMPTY_BODY = YES;
				CLANG_WARN_ENUM_CONVERSION = YES;
				CLANG_WARN_INFINITE_RECURSION = YES;
				CLANG_WARN_INT_CONVERSION = YES;
				CLANG_WARN_NON_LITERAL_NULL_CONVERSION = YES;
				CLANG_WARN_OBJC_IMPLICIT_RETAIN_SELF = YES;
				CLANG_WARN_OBJC_LITERAL_CONVERSION = YES;
				CLANG_WARN_OBJC_ROOT_CLASS = YES_ERROR;
				CLANG_WARN_RANGE_LOOP_ANALYSIS = YES;
				CLANG_WARN_STRICT_PROTOTYPES = YES;
				CLANG_WARN_SUSPICIOUS_MOVE = YES;
				CLANG_WARN_UNGUARDED_AVAILABILITY = YES_AGGRESSIVE;
				CLANG_WARN_UNREACHABLE_CODE = YES;
				CLANG_WARN__DUPLICATE_METHOD_MATCH = YES;
				CODE_SIGN_IDENTITY = "iPhone Developer";
				COPY_PHASE_STRIP = NO;
				DEBUG_INFORMATION_FORMAT = dwarf;
				ENABLE_STRICT_OBJC_MSGSEND = YES;
				ENABLE_TESTABILITY = YES;
				GCC_C_LANGUAGE_STANDARD = gnu11;
				GCC_DYNAMIC_NO_PIC = NO;
				GCC_NO_COMMON_BLOCKS = YES;
				GCC_OPTIMIZATION_LEVEL = 0;
				GCC_PREPROCESSOR_DEFINITIONS = (
					"DEBUG=1",
					"$(inherited)",
				);
				GCC_WARN_64_TO_32_BIT_CONVERSION = YES;
				GCC_WARN_ABOUT_RETURN_TYPE = YES_ERROR;
				GCC_WARN_UNDECLARED_SELECTOR = YES;
				GCC_WARN_UNINITIALIZED_AUTOS = YES_AGGRESSIVE;
				GCC_WARN_UNUSED_FUNCTION = YES;
				GCC_WARN_UNUSED_VARIABLE = YES;
				IPHONEOS_DEPLOYMENT_TARGET = 12.1;
				MTL_ENABLE_DEBUG_INFO = INCLUDE_SOURCE;
				MTL_FAST_MATH = YES;
				ONLY_ACTIVE_ARCH = YES;
				SDKROOT = iphoneos;
				SWIFT_ACTIVE_COMPILATION_CONDITIONS = DEBUG;
				SWIFT_OPTIMIZATION_LEVEL = "-Onone";
			};
			name = Debug;
		};
		8362196321C45E2E00DD9543 /* Release */ = {
			isa = XCBuildConfiguration;
			buildSettings = {
				ALWAYS_SEARCH_USER_PATHS = NO;
				CLANG_ANALYZER_NONNULL = YES;
				CLANG_ANALYZER_NUMBER_OBJECT_CONVERSION = YES_AGGRESSIVE;
				CLANG_CXX_LANGUAGE_STANDARD = "gnu++14";
				CLANG_CXX_LIBRARY = "libc++";
				CLANG_ENABLE_MODULES = YES;
				CLANG_ENABLE_OBJC_ARC = YES;
				CLANG_ENABLE_OBJC_WEAK = YES;
				CLANG_WARN_BLOCK_CAPTURE_AUTORELEASING = YES;
				CLANG_WARN_BOOL_CONVERSION = YES;
				CLANG_WARN_COMMA = YES;
				CLANG_WARN_CONSTANT_CONVERSION = YES;
				CLANG_WARN_DEPRECATED_OBJC_IMPLEMENTATIONS = YES;
				CLANG_WARN_DIRECT_OBJC_ISA_USAGE = YES_ERROR;
				CLANG_WARN_DOCUMENTATION_COMMENTS = YES;
				CLANG_WARN_EMPTY_BODY = YES;
				CLANG_WARN_ENUM_CONVERSION = YES;
				CLANG_WARN_INFINITE_RECURSION = YES;
				CLANG_WARN_INT_CONVERSION = YES;
				CLANG_WARN_NON_LITERAL_NULL_CONVERSION = YES;
				CLANG_WARN_OBJC_IMPLICIT_RETAIN_SELF = YES;
				CLANG_WARN_OBJC_LITERAL_CONVERSION = YES;
				CLANG_WARN_OBJC_ROOT_CLASS = YES_ERROR;
				CLANG_WARN_RANGE_LOOP_ANALYSIS = YES;
				CLANG_WARN_STRICT_PROTOTYPES = YES;
				CLANG_WARN_SUSPICIOUS_MOVE = YES;
				CLANG_WARN_UNGUARDED_AVAILABILITY = YES_AGGRESSIVE;
				CLANG_WARN_UNREACHABLE_CODE = YES;
				CLANG_WARN__DUPLICATE_METHOD_MATCH = YES;
				CODE_SIGN_IDENTITY = "iPhone Developer";
				COPY_PHASE_STRIP = NO;
				DEBUG_INFORMATION_FORMAT = "dwarf-with-dsym";
				ENABLE_NS_ASSERTIONS = NO;
				ENABLE_STRICT_OBJC_MSGSEND = YES;
				GCC_C_LANGUAGE_STANDARD = gnu11;
				GCC_NO_COMMON_BLOCKS = YES;
				GCC_WARN_64_TO_32_BIT_CONVERSION = YES;
				GCC_WARN_ABOUT_RETURN_TYPE = YES_ERROR;
				GCC_WARN_UNDECLARED_SELECTOR = YES;
				GCC_WARN_UNINITIALIZED_AUTOS = YES_AGGRESSIVE;
				GCC_WARN_UNUSED_FUNCTION = YES;
				GCC_WARN_UNUSED_VARIABLE = YES;
				IPHONEOS_DEPLOYMENT_TARGET = 12.1;
				MTL_ENABLE_DEBUG_INFO = NO;
				MTL_FAST_MATH = YES;
				SDKROOT = iphoneos;
				SWIFT_COMPILATION_MODE = wholemodule;
				SWIFT_OPTIMIZATION_LEVEL = "-O";
				VALIDATE_PRODUCT = YES;
			};
			name = Release;
		};
		8362196521C45E2E00DD9543 /* Debug */ = {
			isa = XCBuildConfiguration;
			buildSettings = {
				ASSETCATALOG_COMPILER_APPICON_NAME = AppIcon;
				CODE_SIGN_STYLE = Automatic;
				DEVELOPMENT_TEAM = 8PA3BXD9QV;
				INFOPLIST_FILE = TestApp/Info.plist;
				IPHONEOS_DEPLOYMENT_TARGET = 10.3;
				LD_RUNPATH_SEARCH_PATHS = (
					"$(inherited)",
					"@executable_path/Frameworks",
				);
				PRODUCT_BUNDLE_IDENTIFIER = com.vedra.TestApp;
				PRODUCT_NAME = "$(TARGET_NAME)";
				SWIFT_VERSION = 4.2;
				TARGETED_DEVICE_FAMILY = 1;
			};
			name = Debug;
		};
		8362196621C45E2E00DD9543 /* Release */ = {
			isa = XCBuildConfiguration;
			buildSettings = {
				ASSETCATALOG_COMPILER_APPICON_NAME = AppIcon;
				CODE_SIGN_STYLE = Automatic;
				DEVELOPMENT_TEAM = 8PA3BXD9QV;
				INFOPLIST_FILE = TestApp/Info.plist;
				IPHONEOS_DEPLOYMENT_TARGET = 10.3;
				LD_RUNPATH_SEARCH_PATHS = (
					"$(inherited)",
					"@executable_path/Frameworks",
				);
				PRODUCT_BUNDLE_IDENTIFIER = com.vedra.TestApp;
				PRODUCT_NAME = "$(TARGET_NAME)";
				SWIFT_VERSION = 4.2;
				TARGETED_DEVICE_FAMILY = 1;
			};
			name = Release;
		};
		8362196821C45E2E00DD9543 /* Debug */ = {
			isa = XCBuildConfiguration;
			buildSettings = {
				ALWAYS_EMBED_SWIFT_STANDARD_LIBRARIES = YES;
				BUNDLE_LOADER = "$(TEST_HOST)";
				CODE_SIGN_STYLE = Automatic;
				INFOPLIST_FILE = TestAppTests/Info.plist;
				LD_RUNPATH_SEARCH_PATHS = (
					"$(inherited)",
					"@executable_path/Frameworks",
					"@loader_path/Frameworks",
				);
				PRODUCT_BUNDLE_IDENTIFIER = com.example.TestAppTests;
				PRODUCT_NAME = "$(TARGET_NAME)";
				SWIFT_VERSION = 4.2;
				TARGETED_DEVICE_FAMILY = "1,2";
				TEST_HOST = "$(BUILT_PRODUCTS_DIR)/BT-Controller-App.app/BT-Controller-App";
			};
			name = Debug;
		};
		8362196921C45E2E00DD9543 /* Release */ = {
			isa = XCBuildConfiguration;
			buildSettings = {
				ALWAYS_EMBED_SWIFT_STANDARD_LIBRARIES = YES;
				BUNDLE_LOADER = "$(TEST_HOST)";
				CODE_SIGN_STYLE = Automatic;
				INFOPLIST_FILE = TestAppTests/Info.plist;
				LD_RUNPATH_SEARCH_PATHS = (
					"$(inherited)",
					"@executable_path/Frameworks",
					"@loader_path/Frameworks",
				);
				PRODUCT_BUNDLE_IDENTIFIER = com.example.TestAppTests;
				PRODUCT_NAME = "$(TARGET_NAME)";
				SWIFT_VERSION = 4.2;
				TARGETED_DEVICE_FAMILY = "1,2";
				TEST_HOST = "$(BUILT_PRODUCTS_DIR)/BT-Controller-App.app/BT-Controller-App";
			};
			name = Release;
		};
/* End XCBuildConfiguration section */

/* Begin XCConfigurationList section */
		8362194221C45E2D00DD9543 /* Build configuration list for PBXProject "BT-Controller-App" */ = {
			isa = XCConfigurationList;
			buildConfigurations = (
				8362196221C45E2E00DD9543 /* Debug */,
				8362196321C45E2E00DD9543 /* Release */,
			);
			defaultConfigurationIsVisible = 0;
			defaultConfigurationName = Release;
		};
		8362196421C45E2E00DD9543 /* Build configuration list for PBXNativeTarget "BT-Controller-App" */ = {
			isa = XCConfigurationList;
			buildConfigurations = (
				8362196521C45E2E00DD9543 /* Debug */,
				8362196621C45E2E00DD9543 /* Release */,
			);
			defaultConfigurationIsVisible = 0;
			defaultConfigurationName = Release;
		};
		8362196721C45E2E00DD9543 /* Build configuration list for PBXNativeTarget "BT-Controller-AppTests" */ = {
			isa = XCConfigurationList;
			buildConfigurations = (
				8362196821C45E2E00DD9543 /* Debug */,
				8362196921C45E2E00DD9543 /* Release */,
			);
			defaultConfigurationIsVisible = 0;
			defaultConfigurationName = Release;
		};
/* End XCConfigurationList section */
	};
	rootObject = 8362193F21C45E2D00DD9543 /* Project object */;
}
